
Microsoft Visual Studio Solution File, Format Version 12.00
# Visual Studio Version 16
VisualStudioVersion = 16.0.29806.167
MinimumVisualStudioVersion = 10.0.40219.1
Project("{FAE04EC0-301F-11D3-BF4B-00C04F79EFBC}") = "Min", "HomeWork2\Min.csproj", "{4367BC00-D0B7-428E-8500-684A10982D68}"
EndProject
Project("{FAE04EC0-301F-11D3-BF4B-00C04F79EFBC}") = "Ccount", "count\Ccount.csproj", "{EC0EEA92-365A-42AD-848C-C71425B74D6B}"
EndProject
Project("{FAE04EC0-301F-11D3-BF4B-00C04F79EFBC}") = "Even", "even\Even.csproj", "{DBCCBFE6-F62D-4050-85FC-907F759F9D29}"
EndProject
Project("{FAE04EC0-301F-11D3-BF4B-00C04F79EFBC}") = "LogPass", "LogPass\LogPass.csproj", "{CC9A3A8A-E15B-4781-96B3-EAF75C85CA90}"
EndProject
Project("{FAE04EC0-301F-11D3-BF4B-00C04F79EFBC}") = "CalcIMT", "CalcIMT\CalcIMT.csproj", "{373E9566-3D92-4EC1-8AD2-73656B678766}"
EndProject
Global
	GlobalSection(SolutionConfigurationPlatforms) = preSolution
		Debug|Any CPU = Debug|Any CPU
		Release|Any CPU = Release|Any CPU
	EndGlobalSection
	GlobalSection(ProjectConfigurationPlatforms) = postSolution
		{4367BC00-D0B7-428E-8500-684A10982D68}.Debug|Any CPU.ActiveCfg = Debug|Any CPU
		{4367BC00-D0B7-428E-8500-684A10982D68}.Debug|Any CPU.Build.0 = Debug|Any CPU
		{4367BC00-D0B7-428E-8500-684A10982D68}.Release|Any CPU.ActiveCfg = Release|Any CPU
		{4367BC00-D0B7-428E-8500-684A10982D68}.Release|Any CPU.Build.0 = Release|Any CPU
		{EC0EEA92-365A-42AD-848C-C71425B74D6B}.Debug|Any CPU.ActiveCfg = Debug|Any CPU
		{EC0EEA92-365A-42AD-848C-C71425B74D6B}.Debug|Any CPU.Build.0 = Debug|Any CPU
		{EC0EEA92-365A-42AD-848C-C71425B74D6B}.Release|Any CPU.ActiveCfg = Release|Any CPU
		{EC0EEA92-365A-42AD-848C-C71425B74D6B}.Release|Any CPU.Build.0 = Release|Any CPU
		{DBCCBFE6-F62D-4050-85FC-907F759F9D29}.Debug|Any CPU.ActiveCfg = Debug|Any CPU
		{DBCCBFE6-F62D-4050-85FC-907F759F9D29}.Debug|Any CPU.Build.0 = Debug|Any CPU
		{DBCCBFE6-F62D-4050-85FC-907F759F9D29}.Release|Any CPU.ActiveCfg = Release|Any CPU
		{DBCCBFE6-F62D-4050-85FC-907F759F9D29}.Release|Any CPU.Build.0 = Release|Any CPU
		{CC9A3A8A-E15B-4781-96B3-EAF75C85CA90}.Debug|Any CPU.ActiveCfg = Debug|Any CPU
		{CC9A3A8A-E15B-4781-96B3-EAF75C85CA90}.Debug|Any CPU.Build.0 = Debug|Any CPU
		{CC9A3A8A-E15B-4781-96B3-EAF75C85CA90}.Release|Any CPU.ActiveCfg = Release|Any CPU
		{CC9A3A8A-E15B-4781-96B3-EAF75C85CA90}.Release|Any CPU.Build.0 = Release|Any CPU
		{373E9566-3D92-4EC1-8AD2-73656B678766}.Debug|Any CPU.ActiveCfg = Debug|Any CPU
		{373E9566-3D92-4EC1-8AD2-73656B678766}.Debug|Any CPU.Build.0 = Debug|Any CPU
		{373E9566-3D92-4EC1-8AD2-73656B678766}.Release|Any CPU.ActiveCfg = Release|Any CPU
		{373E9566-3D92-4EC1-8AD2-73656B678766}.Release|Any CPU.Build.0 = Release|Any CPU
	EndGlobalSection
	GlobalSection(SolutionProperties) = preSolution
		HideSolutionNode = FALSE
	EndGlobalSection
	GlobalSection(ExtensibilityGlobals) = postSolution
		SolutionGuid = {47A3CFC0-FC46-415A-AEAC-BC682BD60B5E}
	EndGlobalSection
EndGlobal
