
Microsoft Visual Studio Solution File, Format Version 12.00
# Visual Studio 15
VisualStudioVersion = 15.0.28307.1022
MinimumVisualStudioVersion = 10.0.40219.1
Project("{FAE04EC0-301F-11D3-BF4B-00C04F79EFBC}") = "Exercise1", "Exercise1\Exercise1.csproj", "{3B61A405-594C-4679-8355-37FB8F1F37E3}"
EndProject
Project("{FAE04EC0-301F-11D3-BF4B-00C04F79EFBC}") = "Exercise2", "Exercise2\Exercise2.csproj", "{45943D2C-7D4A-4927-BF20-7BF30BA3AB1D}"
EndProject
Project("{FAE04EC0-301F-11D3-BF4B-00C04F79EFBC}") = "Exercise3", "Exercise3\Exercise3.csproj", "{DD34B01C-CB9D-4B08-AF55-5F3C8C042E9F}"
EndProject
Global
	GlobalSection(SolutionConfigurationPlatforms) = preSolution
		Debug|Any CPU = Debug|Any CPU
		Release|Any CPU = Release|Any CPU
	EndGlobalSection
	GlobalSection(ProjectConfigurationPlatforms) = postSolution
		{3B61A405-594C-4679-8355-37FB8F1F37E3}.Debug|Any CPU.ActiveCfg = Debug|Any CPU
		{3B61A405-594C-4679-8355-37FB8F1F37E3}.Debug|Any CPU.Build.0 = Debug|Any CPU
		{3B61A405-594C-4679-8355-37FB8F1F37E3}.Release|Any CPU.ActiveCfg = Release|Any CPU
		{3B61A405-594C-4679-8355-37FB8F1F37E3}.Release|Any CPU.Build.0 = Release|Any CPU
		{45943D2C-7D4A-4927-BF20-7BF30BA3AB1D}.Debug|Any CPU.ActiveCfg = Debug|Any CPU
		{45943D2C-7D4A-4927-BF20-7BF30BA3AB1D}.Debug|Any CPU.Build.0 = Debug|Any CPU
		{45943D2C-7D4A-4927-BF20-7BF30BA3AB1D}.Release|Any CPU.ActiveCfg = Release|Any CPU
		{45943D2C-7D4A-4927-BF20-7BF30BA3AB1D}.Release|Any CPU.Build.0 = Release|Any CPU
		{DD34B01C-CB9D-4B08-AF55-5F3C8C042E9F}.Debug|Any CPU.ActiveCfg = Debug|Any CPU
		{DD34B01C-CB9D-4B08-AF55-5F3C8C042E9F}.Debug|Any CPU.Build.0 = Debug|Any CPU
		{DD34B01C-CB9D-4B08-AF55-5F3C8C042E9F}.Release|Any CPU.ActiveCfg = Release|Any CPU
		{DD34B01C-CB9D-4B08-AF55-5F3C8C042E9F}.Release|Any CPU.Build.0 = Release|Any CPU
	EndGlobalSection
	GlobalSection(SolutionProperties) = preSolution
		HideSolutionNode = FALSE
	EndGlobalSection
	GlobalSection(ExtensibilityGlobals) = postSolution
		SolutionGuid = {99FBE50F-695D-48AC-BE17-AC51ECA4CADC}
	EndGlobalSection
EndGlobal
