
Microsoft Visual Studio Solution File, Format Version 12.00
# Visual Studio Version 16
VisualStudioVersion = 16.0.29905.134
MinimumVisualStudioVersion = 10.0.40219.1
Project("{2150E333-8FDC-42A3-9474-1A3956D46DE8}") = "HW-2", "HW-2", "{F6BB115E-E70B-41D8-BDA1-AEABDA0B52E0}"
EndProject
Project("{FAE04EC0-301F-11D3-BF4B-00C04F79EFBC}") = "SpaceWars", "Asteroids\SpaceWars.csproj", "{540A55B0-520D-4E3A-BF28-7F02AAAF6E9E}"
EndProject
Project("{FAE04EC0-301F-11D3-BF4B-00C04F79EFBC}") = "Task1", "Task1\Task1.csproj", "{43DF9CE7-C0B7-4441-AA04-8717F08C7F88}"
EndProject
Global
	GlobalSection(SolutionConfigurationPlatforms) = preSolution
		Debug|Any CPU = Debug|Any CPU
		Release|Any CPU = Release|Any CPU
	EndGlobalSection
	GlobalSection(ProjectConfigurationPlatforms) = postSolution
		{540A55B0-520D-4E3A-BF28-7F02AAAF6E9E}.Debug|Any CPU.ActiveCfg = Debug|Any CPU
		{540A55B0-520D-4E3A-BF28-7F02AAAF6E9E}.Debug|Any CPU.Build.0 = Debug|Any CPU
		{540A55B0-520D-4E3A-BF28-7F02AAAF6E9E}.Release|Any CPU.ActiveCfg = Release|Any CPU
		{540A55B0-520D-4E3A-BF28-7F02AAAF6E9E}.Release|Any CPU.Build.0 = Release|Any CPU
		{43DF9CE7-C0B7-4441-AA04-8717F08C7F88}.Debug|Any CPU.ActiveCfg = Debug|Any CPU
		{43DF9CE7-C0B7-4441-AA04-8717F08C7F88}.Debug|Any CPU.Build.0 = Debug|Any CPU
		{43DF9CE7-C0B7-4441-AA04-8717F08C7F88}.Release|Any CPU.ActiveCfg = Release|Any CPU
		{43DF9CE7-C0B7-4441-AA04-8717F08C7F88}.Release|Any CPU.Build.0 = Release|Any CPU
	EndGlobalSection
	GlobalSection(SolutionProperties) = preSolution
		HideSolutionNode = FALSE
	EndGlobalSection
	GlobalSection(NestedProjects) = preSolution
		{540A55B0-520D-4E3A-BF28-7F02AAAF6E9E} = {F6BB115E-E70B-41D8-BDA1-AEABDA0B52E0}
		{43DF9CE7-C0B7-4441-AA04-8717F08C7F88} = {F6BB115E-E70B-41D8-BDA1-AEABDA0B52E0}
	EndGlobalSection
	GlobalSection(ExtensibilityGlobals) = postSolution
		SolutionGuid = {912A246B-94BF-4BC3-BD53-D9F5552AB8EA}
	EndGlobalSection
EndGlobal
